// !$*UTF8*$!
{
	archiveVersion = 1;
	classes = {
	};
	objectVersion = 46;
	objects = {

/* Begin PBXBuildFile section */
		D7DAC74F1B4074710005F45C /* AppDelegate.swift in Sources */ = {isa = PBXBuildFile; fileRef = D7DAC74E1B4074710005F45C /* AppDelegate.swift */; };
		D7DAC7511B4074710005F45C /* ViewController.swift in Sources */ = {isa = PBXBuildFile; fileRef = D7DAC7501B4074710005F45C /* ViewController.swift */; };
		D7DAC7541B4074710005F45C /* Main.storyboard in Resources */ = {isa = PBXBuildFile; fileRef = D7DAC7521B4074710005F45C /* Main.storyboard */; };
		D7DAC7561B4074710005F45C /* Images.xcassets in Resources */ = {isa = PBXBuildFile; fileRef = D7DAC7551B4074710005F45C /* Images.xcassets */; };
		D7DAC7591B4074710005F45C /* LaunchScreen.xib in Resources */ = {isa = PBXBuildFile; fileRef = D7DAC7571B4074710005F45C /* LaunchScreen.xib */; };
		D7DAC7651B4074710005F45C /* MapKitTests.swift in Sources */ = {isa = PBXBuildFile; fileRef = D7DAC7641B4074710005F45C /* MapKitTests.swift */; };
/* End PBXBuildFile section */

/* Begin PBXContainerItemProxy section */
		D7DAC75F1B4074710005F45C /* PBXContainerItemProxy */ = {
			isa = PBXContainerItemProxy;
			containerPortal = D7DAC7411B4074710005F45C /* Project object */;
			proxyType = 1;
			remoteGlobalIDString = D7DAC7481B4074710005F45C;
			remoteInfo = MapKit;
		};
/* End PBXContainerItemProxy section */

/* Begin PBXFileReference section */
		D7DAC7491B4074710005F45C /* MapKit.app */ = {isa = PBXFileReference; explicitFileType = wrapper.application; includeInIndex = 0; path = MapKit.app; sourceTree = BUILT_PRODUCTS_DIR; };
		D7DAC74D1B4074710005F45C /* Info.plist */ = {isa = PBXFileReference; lastKnownFileType = text.plist.xml; path = Info.plist; sourceTree = "<group>"; };
		D7DAC74E1B4074710005F45C /* AppDelegate.swift */ = {isa = PBXFileReference; lastKnownFileType = sourcecode.swift; path = AppDelegate.swift; sourceTree = "<group>"; };
		D7DAC7501B4074710005F45C /* ViewController.swift */ = {isa = PBXFileReference; lastKnownFileType = sourcecode.swift; path = ViewController.swift; sourceTree = "<group>"; };
		D7DAC7531B4074710005F45C /* Base */ = {isa = PBXFileReference; lastKnownFileType = file.storyboard; name = Base; path = Base.lproj/Main.storyboard; sourceTree = "<group>"; };
		D7DAC7551B4074710005F45C /* Images.xcassets */ = {isa = PBXFileReference; lastKnownFileType = folder.assetcatalog; path = Images.xcassets; sourceTree = "<group>"; };
		D7DAC7581B4074710005F45C /* Base */ = {isa = PBXFileReference; lastKnownFileType = file.xib; name = Base; path = Base.lproj/LaunchScreen.xib; sourceTree = "<group>"; };
		D7DAC75E1B4074710005F45C /* MapKitTests.xctest */ = {isa = PBXFileReference; explicitFileType = wrapper.cfbundle; includeInIndex = 0; path = MapKitTests.xctest; sourceTree = BUILT_PRODUCTS_DIR; };
		D7DAC7631B4074710005F45C /* Info.plist */ = {isa = PBXFileReference; lastKnownFileType = text.plist.xml; path = Info.plist; sourceTree = "<group>"; };
		D7DAC7641B4074710005F45C /* MapKitTests.swift */ = {isa = PBXFileReference; lastKnownFileType = sourcecode.swift; path = MapKitTests.swift; sourceTree = "<group>"; };
/* End PBXFileReference section */

/* Begin PBXFrameworksBuildPhase section */
		D7DAC7461B4074710005F45C /* Frameworks */ = {
			isa = PBXFrameworksBuildPhase;
			buildActionMask = 2147483647;
			files = (
			);
			runOnlyForDeploymentPostprocessing = 0;
		};
		D7DAC75B1B4074710005F45C /* Frameworks */ = {
			isa = PBXFrameworksBuildPhase;
			buildActionMask = 2147483647;
			files = (
			);
			runOnlyForDeploymentPostprocessing = 0;
		};
/* End PBXFrameworksBuildPhase section */

/* Begin PBXGroup section */
		D7DAC7401B4074710005F45C = {
			isa = PBXGroup;
			children = (
				D7DAC74B1B4074710005F45C /* MapKit */,
				D7DAC7611B4074710005F45C /* MapKitTests */,
				D7DAC74A1B4074710005F45C /* Products */,
			);
			sourceTree = "<group>";
		};
		D7DAC74A1B4074710005F45C /* Products */ = {
			isa = PBXGroup;
			children = (
				D7DAC7491B4074710005F45C /* MapKit.app */,
				D7DAC75E1B4074710005F45C /* MapKitTests.xctest */,
			);
			name = Products;
			sourceTree = "<group>";
		};
		D7DAC74B1B4074710005F45C /* MapKit */ = {
			isa = PBXGroup;
			children = (
				D7DAC74E1B4074710005F45C /* AppDelegate.swift */,
				D7DAC7501B4074710005F45C /* ViewController.swift */,
				D7DAC7521B4074710005F45C /* Main.storyboard */,
				D7DAC7551B4074710005F45C /* Images.xcassets */,
				D7DAC7571B4074710005F45C /* LaunchScreen.xib */,
				D7DAC74C1B4074710005F45C /* Supporting Files */,
			);
			path = MapKit;
			sourceTree = "<group>";
		};
		D7DAC74C1B4074710005F45C /* Supporting Files */ = {
			isa = PBXGroup;
			children = (
				D7DAC74D1B4074710005F45C /* Info.plist */,
			);
			name = "Supporting Files";
			sourceTree = "<group>";
		};
		D7DAC7611B4074710005F45C /* MapKitTests */ = {
			isa = PBXGroup;
			children = (
				D7DAC7641B4074710005F45C /* MapKitTests.swift */,
				D7DAC7621B4074710005F45C /* Supporting Files */,
			);
			path = MapKitTests;
			sourceTree = "<group>";
		};
		D7DAC7621B4074710005F45C /* Supporting Files */ = {
			isa = PBXGroup;
			children = (
				D7DAC7631B4074710005F45C /* Info.plist */,
			);
			name = "Supporting Files";
			sourceTree = "<group>";
		};
/* End PBXGroup section */

/* Begin PBXNativeTarget section */
		D7DAC7481B4074710005F45C /* MapKit */ = {
			isa = PBXNativeTarget;
			buildConfigurationList = D7DAC7681B4074710005F45C /* Build configuration list for PBXNativeTarget "MapKit" */;
			buildPhases = (
				D7DAC7451B4074710005F45C /* Sources */,
				D7DAC7461B4074710005F45C /* Frameworks */,
				D7DAC7471B4074710005F45C /* Resources */,
			);
			buildRules = (
			);
			dependencies = (
			);
			name = MapKit;
			productName = MapKit;
			productReference = D7DAC7491B4074710005F45C /* MapKit.app */;
			productType = "com.apple.product-type.application";
		};
		D7DAC75D1B4074710005F45C /* MapKitTests */ = {
			isa = PBXNativeTarget;
			buildConfigurationList = D7DAC76B1B4074710005F45C /* Build configuration list for PBXNativeTarget "MapKitTests" */;
			buildPhases = (
				D7DAC75A1B4074710005F45C /* Sources */,
				D7DAC75B1B4074710005F45C /* Frameworks */,
				D7DAC75C1B4074710005F45C /* Resources */,
			);
			buildRules = (
			);
			dependencies = (
				D7DAC7601B4074710005F45C /* PBXTargetDependency */,
			);
			name = MapKitTests;
			productName = MapKitTests;
			productReference = D7DAC75E1B4074710005F45C /* MapKitTests.xctest */;
			productType = "com.apple.product-type.bundle.unit-test";
		};
/* End PBXNativeTarget section */

/* Begin PBXProject section */
		D7DAC7411B4074710005F45C /* Project object */ = {
			isa = PBXProject;
			attributes = {
				LastUpgradeCheck = 0630;
				ORGANIZATIONNAME = Chips;
				TargetAttributes = {
					D7DAC7481B4074710005F45C = {
						CreatedOnToolsVersion = 6.3.2;
					};
					D7DAC75D1B4074710005F45C = {
						CreatedOnToolsVersion = 6.3.2;
						TestTargetID = D7DAC7481B4074710005F45C;
					};
				};
			};
			buildConfigurationList = D7DAC7441B4074710005F45C /* Build configuration list for PBXProject "MapKit" */;
			compatibilityVersion = "Xcode 3.2";
			developmentRegion = English;
			hasScannedForEncodings = 0;
			knownRegions = (
				en,
				Base,
			);
			mainGroup = D7DAC7401B4074710005F45C;
			productRefGroup = D7DAC74A1B4074710005F45C /* Products */;
			projectDirPath = "";
			projectRoot = "";
			targets = (
				D7DAC7481B4074710005F45C /* MapKit */,
				D7DAC75D1B4074710005F45C /* MapKitTests */,
			);
		};
/* End PBXProject section */

/* Begin PBXResourcesBuildPhase section */
		D7DAC7471B4074710005F45C /* Resources */ = {
			isa = PBXResourcesBuildPhase;
			buildActionMask = 2147483647;
			files = (
				D7DAC7541B4074710005F45C /* Main.storyboard in Resources */,
				D7DAC7591B4074710005F45C /* LaunchScreen.xib in Resources */,
				D7DAC7561B4074710005F45C /* Images.xcassets in Resources */,
			);
			runOnlyForDeploymentPostprocessing = 0;
		};
		D7DAC75C1B4074710005F45C /* Resources */ = {
			isa = PBXResourcesBuildPhase;
			buildActionMask = 2147483647;
			files = (
			);
			runOnlyForDeploymentPostprocessing = 0;
		};
/* End PBXResourcesBuildPhase section */

/* Begin PBXSourcesBuildPhase section */
		D7DAC7451B4074710005F45C /* Sources */ = {
			isa = PBXSourcesBuildPhase;
			buildActionMask = 2147483647;
			files = (
				D7DAC7511B4074710005F45C /* ViewController.swift in Sources */,
				D7DAC74F1B4074710005F45C /* AppDelegate.swift in Sources */,
			);
			runOnlyForDeploymentPostprocessing = 0;
		};
		D7DAC75A1B4074710005F45C /* Sources */ = {
			isa = PBXSourcesBuildPhase;
			buildActionMask = 2147483647;
			files = (
				D7DAC7651B4074710005F45C /* MapKitTests.swift in Sources */,
			);
			runOnlyForDeploymentPostprocessing = 0;
		};
/* End PBXSourcesBuildPhase section */

/* Begin PBXTargetDependency section */
		D7DAC7601B4074710005F45C /* PBXTargetDependency */ = {
			isa = PBXTargetDependency;
			target = D7DAC7481B4074710005F45C /* MapKit */;
			targetProxy = D7DAC75F1B4074710005F45C /* PBXContainerItemProxy */;
		};
/* End PBXTargetDependency section */

/* Begin PBXVariantGroup section */
		D7DAC7521B4074710005F45C /* Main.storyboard */ = {
			isa = PBXVariantGroup;
			children = (
				D7DAC7531B4074710005F45C /* Base */,
			);
			name = Main.storyboard;
			sourceTree = "<group>";
		};
		D7DAC7571B4074710005F45C /* LaunchScreen.xib */ = {
			isa = PBXVariantGroup;
			children = (
				D7DAC7581B4074710005F45C /* Base */,
			);
			name = LaunchScreen.xib;
			sourceTree = "<group>";
		};
/* End PBXVariantGroup section */

/* Begin XCBuildConfiguration section */
		D7DAC7661B4074710005F45C /* Debug */ = {
			isa = XCBuildConfiguration;
			buildSettings = {
				ALWAYS_SEARCH_USER_PATHS = NO;
				CLANG_CXX_LANGUAGE_STANDARD = "gnu++0x";
				CLANG_CXX_LIBRARY = "libc++";
				CLANG_ENABLE_MODULES = YES;
				CLANG_ENABLE_OBJC_ARC = YES;
				CLANG_WARN_BOOL_CONVERSION = YES;
				CLANG_WARN_CONSTANT_CONVERSION = YES;
				CLANG_WARN_DIRECT_OBJC_ISA_USAGE = YES_ERROR;
				CLANG_WARN_EMPTY_BODY = YES;
				CLANG_WARN_ENUM_CONVERSION = YES;
				CLANG_WARN_INT_CONVERSION = YES;
				CLANG_WARN_OBJC_ROOT_CLASS = YES_ERROR;
				CLANG_WARN_UNREACHABLE_CODE = YES;
				CLANG_WARN__DUPLICATE_METHOD_MATCH = YES;
				"CODE_SIGN_IDENTITY[sdk=iphoneos*]" = "iPhone Developer";
				COPY_PHASE_STRIP = NO;
				DEBUG_INFORMATION_FORMAT = "dwarf-with-dsym";
				ENABLE_STRICT_OBJC_MSGSEND = YES;
				GCC_C_LANGUAGE_STANDARD = gnu99;
				GCC_DYNAMIC_NO_PIC = NO;
				GCC_NO_COMMON_BLOCKS = YES;
				GCC_OPTIMIZATION_LEVEL = 0;
				GCC_PREPROCESSOR_DEFINITIONS = (
					"DEBUG=1",
					"$(inherited)",
				);
				GCC_SYMBOLS_PRIVATE_EXTERN = NO;
				GCC_WARN_64_TO_32_BIT_CONVERSION = YES;
				GCC_WARN_ABOUT_RETURN_TYPE = YES_ERROR;
				GCC_WARN_UNDECLARED_SELECTOR = YES;
				GCC_WARN_UNINITIALIZED_AUTOS = YES_AGGRESSIVE;
				GCC_WARN_UNUSED_FUNCTION = YES;
				GCC_WARN_UNUSED_VARIABLE = YES;
				IPHONEOS_DEPLOYMENT_TARGET = 8.3;
				MTL_ENABLE_DEBUG_INFO = YES;
				ONLY_ACTIVE_ARCH = YES;
				SDKROOT = iphoneos;
				SWIFT_OPTIMIZATION_LEVEL = "-Onone";
				TARGETED_DEVICE_FAMILY = "1,2";
			};
			name = Debug;
		};
		D7DAC7671B4074710005F45C /* Release */ = {
			isa = XCBuildConfiguration;
			buildSettings = {
				ALWAYS_SEARCH_USER_PATHS = NO;
				CLANG_CXX_LANGUAGE_STANDARD = "gnu++0x";
				CLANG_CXX_LIBRARY = "libc++";
				CLANG_ENABLE_MODULES = YES;
				CLANG_ENABLE_OBJC_ARC = YES;
				CLANG_WARN_BOOL_CONVERSION = YES;
				CLANG_WARN_CONSTANT_CONVERSION = YES;
				CLANG_WARN_DIRECT_OBJC_ISA_USAGE = YES_ERROR;
				CLANG_WARN_EMPTY_BODY = YES;
				CLANG_WARN_ENUM_CONVERSION = YES;
				CLANG_WARN_INT_CONVERSION = YES;
				CLANG_WARN_OBJC_ROOT_CLASS = YES_ERROR;
				CLANG_WARN_UNREACHABLE_CODE = YES;
				CLANG_WARN__DUPLICATE_METHOD_MATCH = YES;
				"CODE_SIGN_IDENTITY[sdk=iphoneos*]" = "iPhone Developer";
				COPY_PHASE_STRIP = NO;
				DEBUG_INFORMATION_FORMAT = "dwarf-with-dsym";
				ENABLE_NS_ASSERTIONS = NO;
				ENABLE_STRICT_OBJC_MSGSEND = YES;
				GCC_C_LANGUAGE_STANDARD = gnu99;
				GCC_NO_COMMON_BLOCKS = YES;
				GCC_WARN_64_TO_32_BIT_CONVERSION = YES;
				GCC_WARN_ABOUT_RETURN_TYPE = YES_ERROR;
				GCC_WARN_UNDECLARED_SELECTOR = YES;
				GCC_WARN_UNINITIALIZED_AUTOS = YES_AGGRESSIVE;
				GCC_WARN_UNUSED_FUNCTION = YES;
				GCC_WARN_UNUSED_VARIABLE = YES;
				IPHONEOS_DEPLOYMENT_TARGET = 8.3;
				MTL_ENABLE_DEBUG_INFO = NO;
				SDKROOT = iphoneos;
				TARGETED_DEVICE_FAMILY = "1,2";
				VALIDATE_PRODUCT = YES;
			};
			name = Release;
		};
		D7DAC7691B4074710005F45C /* Debug */ = {
			isa = XCBuildConfiguration;
			buildSettings = {
				ASSETCATALOG_COMPILER_APPICON_NAME = AppIcon;
				INFOPLIST_FILE = MapKit/Info.plist;
				LD_RUNPATH_SEARCH_PATHS = "$(inherited) @executable_path/Frameworks";
				PRODUCT_NAME = "$(TARGET_NAME)";
			};
			name = Debug;
		};
		D7DAC76A1B4074710005F45C /* Release */ = {
			isa = XCBuildConfiguration;
			buildSettings = {
				ASSETCATALOG_COMPILER_APPICON_NAME = AppIcon;
				INFOPLIST_FILE = MapKit/Info.plist;
				LD_RUNPATH_SEARCH_PATHS = "$(inherited) @executable_path/Frameworks";
				PRODUCT_NAME = "$(TARGET_NAME)";
			};
			name = Release;
		};
		D7DAC76C1B4074710005F45C /* Debug */ = {
			isa = XCBuildConfiguration;
			buildSettings = {
				BUNDLE_LOADER = "$(TEST_HOST)";
				FRAMEWORK_SEARCH_PATHS = (
					"$(SDKROOT)/Developer/Library/Frameworks",
					"$(inherited)",
				);
				GCC_PREPROCESSOR_DEFINITIONS = (
					"DEBUG=1",
					"$(inherited)",
				);
				INFOPLIST_FILE = MapKitTests/Info.plist;
				LD_RUNPATH_SEARCH_PATHS = "$(inherited) @executable_path/Frameworks @loader_path/Frameworks";
				PRODUCT_NAME = "$(TARGET_NAME)";
				TEST_HOST = "$(BUILT_PRODUCTS_DIR)/MapKit.app/MapKit";
			};
			name = Debug;
		};
		D7DAC76D1B4074710005F45C /* Release */ = {
			isa = XCBuildConfiguration;
			buildSettings = {
				BUNDLE_LOADER = "$(TEST_HOST)";
				FRAMEWORK_SEARCH_PATHS = (
					"$(SDKROOT)/Developer/Library/Frameworks",
					"$(inherited)",
				);
				INFOPLIST_FILE = MapKitTests/Info.plist;
				LD_RUNPATH_SEARCH_PATHS = "$(inherited) @executable_path/Frameworks @loader_path/Frameworks";
				PRODUCT_NAME = "$(TARGET_NAME)";
				TEST_HOST = "$(BUILT_PRODUCTS_DIR)/MapKit.app/MapKit";
			};
			name = Release;
		};
/* End XCBuildConfiguration section */

/* Begin XCConfigurationList section */
		D7DAC7441B4074710005F45C /* Build configuration list for PBXProject "MapKit" */ = {
			isa = XCConfigurationList;
			buildConfigurations = (
				D7DAC7661B4074710005F45C /* Debug */,
				D7DAC7671B4074710005F45C /* Release */,
			);
			defaultConfigurationIsVisible = 0;
			defaultConfigurationName = Release;
		};
		D7DAC7681B4074710005F45C /* Build configuration list for PBXNativeTarget "MapKit" */ = {
			isa = XCConfigurationList;
			buildConfigurations = (
				D7DAC7691B4074710005F45C /* Debug */,
				D7DAC76A1B4074710005F45C /* Release */,
			);
			defaultConfigurationIsVisible = 0;
		};
		D7DAC76B1B4074710005F45C /* Build configuration list for PBXNativeTarget "MapKitTests" */ = {
			isa = XCConfigurationList;
			buildConfigurations = (
				D7DAC76C1B4074710005F45C /* Debug */,
				D7DAC76D1B4074710005F45C /* Release */,
			);
			defaultConfigurationIsVisible = 0;
		};
/* End XCConfigurationList section */
	};
	rootObject = D7DAC7411B4074710005F45C /* Project object */;
}
